{
  "projects": [
    {
      "projectId": "seaQhLVS4bbjiGvJJrRwyL",
      "version": "15.0.3",
      "dependencies": {},
      "lang": "js",
      "fileLocks": [
        {
          "assetId": "seaQhLVS4bbjiGvJJrRwyL",
          "type": "projectCss",
          "checksum": "9345b883752a1b7fa88c203f6bc63740"
        }
      ],
      "codegenVersion": "0.0.1"
    },
    {
      "projectId": "8eQZy5xry36pEn1xTFSb3G",
      "version": "latest",
      "dependencies": {
        "seaQhLVS4bbjiGvJJrRwyL": "15.0.3"
      },
      "lang": "js",
      "fileLocks": [
        {
          "type": "globalVariant",
          "assetId": "N35pTdUkddpF",
          "checksum": "cb4bf8948169685f0a4efa185c1a1051"
        },
        {
          "assetId": "8eQZy5xry36pEn1xTFSb3G",
          "type": "projectCss",
          "checksum": "831abfe5bc3498a50055292694808962"
        },
        {
          "type": "renderModule",
          "assetId": "BTpi3t6AHSs",
          "checksum": "e80c2cdec40ed2782791266fade1b46b"
        },
        {
          "type": "cssRules",
          "assetId": "BTpi3t6AHSs",
          "checksum": "e80c2cdec40ed2782791266fade1b46b"
        },
        {
          "type": "renderModule",
          "assetId": "9kaYRQveml8",
          "checksum": "3ecc9b7e2193597cfb47490422922e0d"
        },
        {
          "type": "cssRules",
          "assetId": "9kaYRQveml8",
          "checksum": "3ecc9b7e2193597cfb47490422922e0d"
        },
        {
          "type": "renderModule",
          "assetId": "Gq5NoMrsOpL",
          "checksum": "ca7bbc142ad0f63aaec9e252d11f180c"
        },
        {
          "type": "cssRules",
          "assetId": "Gq5NoMrsOpL",
          "checksum": "ca7bbc142ad0f63aaec9e252d11f180c"
        },
        {
          "type": "renderModule",
          "assetId": "wuHoIoxQ5K_",
          "checksum": "397df5a751e1c34a348ed5e8349c5edb"
        },
        {
          "type": "cssRules",
          "assetId": "wuHoIoxQ5K_",
          "checksum": "397df5a751e1c34a348ed5e8349c5edb"
        },
        {
          "type": "renderModule",
          "assetId": "_beqs1GTsSZ3",
          "checksum": "7b537a7b0de5f416a17f6b9820dffcbc"
        },
        {
          "type": "cssRules",
          "assetId": "_beqs1GTsSZ3",
          "checksum": "7b537a7b0de5f416a17f6b9820dffcbc"
        },
        {
          "type": "renderModule",
          "assetId": "RGZ_Q1DJMavQ",
          "checksum": "7281c755cdf6b79dd3cbd166109fa812"
        },
        {
          "type": "cssRules",
          "assetId": "RGZ_Q1DJMavQ",
          "checksum": "7281c755cdf6b79dd3cbd166109fa812"
        },
        {
          "type": "renderModule",
          "assetId": "DmqKQHoj3weO",
          "checksum": "5fc68ef0e7ac6d222dcb1f2a02e7db1e"
        },
        {
          "type": "cssRules",
          "assetId": "DmqKQHoj3weO",
          "checksum": "5fc68ef0e7ac6d222dcb1f2a02e7db1e"
        },
        {
          "type": "renderModule",
          "assetId": "2BaPXHgWx31v",
          "checksum": "19cb5cda20c62bbf538bec315c105ac9"
        },
        {
          "type": "cssRules",
          "assetId": "2BaPXHgWx31v",
          "checksum": "19cb5cda20c62bbf538bec315c105ac9"
        },
        {
          "type": "renderModule",
          "assetId": "5FoW80CVPvVE",
          "checksum": "d6549dfa0d78543637c6ef710bf0cc9c"
        },
        {
          "type": "cssRules",
          "assetId": "5FoW80CVPvVE",
          "checksum": "d6549dfa0d78543637c6ef710bf0cc9c"
        },
        {
          "type": "renderModule",
          "assetId": "2n2-TSJJMMH_",
          "checksum": "ec84cbd85fb7d271d41512027d12cde8"
        },
        {
          "type": "cssRules",
          "assetId": "2n2-TSJJMMH_",
          "checksum": "ec84cbd85fb7d271d41512027d12cde8"
        },
        {
          "type": "renderModule",
          "assetId": "T3CyYLQoVwtk",
          "checksum": "81fea3c6edbdf489deeff86cf7adeb39"
        },
        {
          "type": "cssRules",
          "assetId": "T3CyYLQoVwtk",
          "checksum": "81fea3c6edbdf489deeff86cf7adeb39"
        },
        {
          "type": "renderModule",
          "assetId": "ks-X2kN9IIJR",
          "checksum": "a35a25a75fcb8ae8916edc1dc40d42ac"
        },
        {
          "type": "cssRules",
          "assetId": "ks-X2kN9IIJR",
          "checksum": "a35a25a75fcb8ae8916edc1dc40d42ac"
        },
        {
          "type": "icon",
          "assetId": "BS1Qgy2qqXTM",
          "checksum": "3546fbf98e6a87c66123dbc79b4f2d0a"
        },
        {
          "type": "icon",
          "assetId": "cSOW4BIUwUzL",
          "checksum": "c9a03bab18cb6c597be1cf5c91284612"
        },
        {
          "type": "icon",
          "assetId": "rzAumREIqEkE",
          "checksum": "764117719660c73755c0905303992d04"
        },
        {
          "type": "icon",
          "assetId": "OxDO_Z-g3DTc",
          "checksum": "bba02980687d4a90356a72c4fd774c48"
        },
        {
          "type": "icon",
          "assetId": "cWyt-4ZyS7bH",
          "checksum": "31aeb451e4516fa47aed1441b0e0d054"
        },
        {
          "type": "icon",
          "assetId": "wmTOtVI7CXJb",
          "checksum": "09d986820f7f1d654205ecce51a81155"
        },
        {
          "type": "icon",
          "assetId": "WUqGV0Hv-Mwc",
          "checksum": "f1add5c74d44d2bf41d143baf5910695"
        },
        {
          "type": "icon",
          "assetId": "dKfJ_mayBn0o",
          "checksum": "52d10c450cc734a01355bac568eac346"
        },
        {
          "type": "icon",
          "assetId": "zQloGSZ8g4y6",
          "checksum": "a9a790d7e6d39987d98bc32f9156561f"
        },
        {
          "type": "icon",
          "assetId": "39lYpig5NX3v",
          "checksum": "7eaf0b25b0813c5df3a6fc47c5d270fe"
        },
        {
          "type": "icon",
          "assetId": "QYWWQ5Rd9_gw",
          "checksum": "264f367e8f3741e78e7771aaad099717"
        },
        {
          "type": "icon",
          "assetId": "l7mfLwDznq5x",
          "checksum": "edabb4c7dc29e4b60431b8034f0a29f8"
        },
        {
          "type": "icon",
          "assetId": "AL_Sm-K9zQ1g",
          "checksum": "dbaab7c126a55d7368d794ef2a6fd316"
        },
        {
          "type": "icon",
          "assetId": "GPp_tzClFyJ7",
          "checksum": "ee9e02b1749fee0566e98e9b890cfef3"
        },
        {
          "type": "icon",
          "assetId": "xgeaGYcThLnE",
          "checksum": "3ae480b7b7ab59a259e9f968b8868c12"
        },
        {
          "type": "icon",
          "assetId": "bbYUXctwkCaP",
          "checksum": "1da1bd77c2c455fd3ffebad70211c719"
        },
        {
          "type": "icon",
          "assetId": "HoAkRGxfdLDU",
          "checksum": "b8069d7950677cd3247116d744a25a9c"
        },
        {
          "type": "icon",
          "assetId": "1AnvEpXtG9QY",
          "checksum": "b45926e4095bf89d4baedb05aca6dd01"
        },
        {
          "type": "icon",
          "assetId": "BbWy8gPLMhO6",
          "checksum": "71750b9608f7b7d0799d041ade65ef35"
        },
        {
          "type": "icon",
          "assetId": "D5cQy3Hn8Glr",
          "checksum": "e978e4e02280c0f38173f0a43167fcca"
        },
        {
          "type": "icon",
          "assetId": "Qc5QCjm53cMu",
          "checksum": "60d69f277fb3891132713434f0207329"
        },
        {
          "type": "image",
          "assetId": "bJsP-U1pGw5n",
          "checksum": "01456d771211b21865e0fd636eb3e4b1"
        },
        {
          "type": "image",
          "assetId": "8a8_TrpRZTTH",
          "checksum": "3fc8bea3db9e253e2bdebc4b9a7feda3"
        },
        {
          "type": "image",
          "assetId": "f_0QHspbUGVY",
          "checksum": "5e0c87c116f383777b9d425fa8175079"
        },
        {
          "type": "image",
          "assetId": "YVZUB-A4M7MG",
          "checksum": "d35317c772b8b70472f095f0d0423818"
        },
        {
          "type": "image",
          "assetId": "B6ejqEha8xcA",
          "checksum": "53e3a9e9ecca7c1ee36171a4ebec7d21"
        },
        {
          "type": "image",
          "assetId": "TToXFIY87M-x",
          "checksum": "f01625b70fd1d2a5173cc0c55061d904"
        },
        {
          "type": "image",
          "assetId": "GShy-HTjVSHZ",
          "checksum": "3ad7efae7bfe150ea140318f54e06418"
        },
        {
          "type": "image",
          "assetId": "pHhMNfXBUCz_",
          "checksum": "50ccd64d688b876151ee849f24f4f0f5"
        },
        {
          "type": "image",
          "assetId": "6gzoZlVFr8xJ",
          "checksum": "7eb79235016c769e180da1493a6f63c8"
        },
        {
          "type": "image",
          "assetId": "XXXOkRupOuqx",
          "checksum": "298d81ff7d57459152991db8ae93531d"
        },
        {
          "type": "image",
          "assetId": "yZ_yckX-JeE_",
          "checksum": "66a04ac72384fabfb83243e814dbe968"
        },
        {
          "type": "image",
          "assetId": "MI-MyYim__Z0",
          "checksum": "15c0fe2fc7c15514c2e077856d21a5b4"
        },
        {
          "type": "image",
          "assetId": "aF6lDX_447Yl",
          "checksum": "cdbca9b67823ef434a54340e672d616e"
        },
        {
          "type": "image",
          "assetId": "A2NO_7Lounm_",
          "checksum": "fa5af992a975fa3366af216f9b3283f5"
        },
        {
          "type": "image",
          "assetId": "ARodXqn4mGNu",
          "checksum": "07735a4a2e5e139b11dbe783cb56a6b9"
        },
        {
          "type": "image",
          "assetId": "6bm8BrYHBfvl",
          "checksum": "b813cea92cace71fc2d711dd9be61bcf"
        },
        {
          "type": "image",
          "assetId": "PmhTar44KwVl",
          "checksum": "4c196462139740edeec286b0aec23869"
        },
        {
          "type": "image",
          "assetId": "kvL_opmN12cc",
          "checksum": "08c3575d30d746fa56bc492baeb7c567"
        },
        {
          "type": "image",
          "assetId": "FRvspW87ebgm",
          "checksum": "f9a60da2fadd7b158c5a6346d0394567"
        },
        {
          "type": "image",
          "assetId": "fnvyhQftN_l4",
          "checksum": "da2b3c0de518ae91513b29d2e6c4b763"
        },
        {
          "type": "image",
          "assetId": "8pXolbtgZezo",
          "checksum": "5b5e6a68c4248d4f30df9a0113e3b403"
        },
        {
          "type": "image",
          "assetId": "mo3-4akbOVni",
          "checksum": "41cf224e3d4bbf2e7b69aadf125a6796"
        },
        {
          "type": "image",
          "assetId": "c5swbOn1xrWE",
          "checksum": "e9ee561999af43ebbd30ef27aa04a40c"
        },
        {
          "type": "image",
          "assetId": "-3e-cWEMjJfb",
          "checksum": "a9ecff94a16a62911d407bef0669ee15"
        },
        {
          "type": "image",
          "assetId": "bYqQ7POEiJDL",
          "checksum": "c75269e2ceffc0df6924c86a24954278"
        },
        {
          "type": "image",
          "assetId": "itkLg6Rg2hjm",
          "checksum": "7dbe2345c91058fea8fcfa3bff2dc643"
        },
        {
          "type": "image",
          "assetId": "_e5RJHppf_pt",
          "checksum": "b16e4e57b0fd0e720ed1cde2008a620a"
        },
        {
          "type": "image",
          "assetId": "dZPzDokkxqlB",
          "checksum": "0eb5cfb2190b05b6c4b8f266c2dfd66c"
        },
        {
          "type": "image",
          "assetId": "-Y6s1VxHpJP7",
          "checksum": "01f13449bec72d0a235030368656ce1a"
        },
        {
          "type": "image",
          "assetId": "jF--96DuIJtd",
          "checksum": "adf352f38357dcca7cbfe962ab5c4379"
        },
        {
          "type": "image",
          "assetId": "MqzYG0nUrqY7",
          "checksum": "421d9f849095cb6e7130329c803d29d6"
        },
        {
          "type": "image",
          "assetId": "AMHGFRnLDWqu",
          "checksum": "31420aef9b38c1550a1336000ec8337d"
        },
        {
          "type": "image",
          "assetId": "4TBCYqy7GoUO",
          "checksum": "79187ba97eb1c8ef73241232c32355b6"
        },
        {
          "type": "image",
          "assetId": "5FVe20oaxUwB",
          "checksum": "527d37080c3c204f775905927abf7392"
        },
        {
          "type": "image",
          "assetId": "q6WKhNF3yn8w",
          "checksum": "25a51a18c6c71ea46a247a20e72dda21"
        },
        {
          "type": "image",
          "assetId": "Kr19mQ5rsquN",
          "checksum": "00010c72e2f17fbf18806cbb2d4d64c3"
        },
        {
          "type": "image",
          "assetId": "MDoAG9KEDfxd",
          "checksum": "edc288119d02be6182e4c83be5a6be54"
        },
        {
          "type": "image",
          "assetId": "NKLPrMlEDGJZ",
          "checksum": "841f7a6ee880f97227035d4021bf561f"
        },
        {
          "type": "image",
          "assetId": "-NquzCGNzAys",
          "checksum": "81fd78fce053df0f913648dc72b2d072"
        }
      ],
      "codegenVersion": "0.0.1"
    }
  ],
  "cliVersion": "0.1.169"
}
